<?xml version="1.0" encoding="utf-8"?>
<Project ToolsVersion="4.0" xmlns="http://schemas.microsoft.com/developer/msbuild/2003">
  <ItemGroup>
    <Filter Include="Source Files">
      <UniqueIdentifier>{84690acb-e2b4-4c6b-ade5-8a0aee7f9423}</UniqueIdentifier>
      <Extensions>cpp;c;cxx;rc;def;r;odl;idl;hpj;bat</Extensions>
    </Filter>
    <Filter Include="Header Files">
      <UniqueIdentifier>{fa604d2b-e05d-41b5-a7e7-1e996e78e5f5}</UniqueIdentifier>
      <Extensions>h;hpp;hxx;hm;inl</Extensions>
    </Filter>
    <Filter Include="Resource Files">
      <UniqueIdentifier>{46aa2e56-ddd2-40c0-9f39-ec1b3368a75d}</UniqueIdentifier>
      <Extensions>ico;cur;bmp;dlg;rc2;rct;bin;rgs;gif;jpg;jpeg;jpe</Extensions>
    </Filter>
  </ItemGroup>
  <ItemGroup>
    <ClCompile Include="BaseObject.cpp">
      <Filter>Source Files</Filter>
    </ClCompile>
    <ClCompile Include="BaseSocket.cpp">
      <Filter>Source Files</Filter>
    </ClCompile>
    <ClCompile Include="BaseSocketReceiveThread.cpp">
      <Filter>Source Files</Filter>
    </ClCompile>
    <ClCompile Include="BaseSocketSendThread.cpp">
      <Filter>Source Files</Filter>
    </ClCompile>
    <ClCompile Include="BaseThread.cpp">
      <Filter>Source Files</Filter>
    </ClCompile>
    <ClCompile Include="DataExchangePipe.cpp">
      <Filter>Source Files</Filter>
    </ClCompile>
    <ClCompile Include="KernelMonitorv1.cpp">
      <Filter>Source Files</Filter>
    </ClCompile>
    <ClCompile Include="KernelMonitorv1Dlg.cpp">
      <Filter>Source Files</Filter>
    </ClCompile>
    <ClCompile Include="ListenSocket.cpp">
      <Filter>Source Files</Filter>
    </ClCompile>
    <ClCompile Include="ManageKernelParameter.cpp">
      <Filter>Source Files</Filter>
    </ClCompile>
    <ClCompile Include="MonitorReceiveSocket.cpp">
      <Filter>Source Files</Filter>
    </ClCompile>
    <ClCompile Include="StdAfx.cpp">
      <Filter>Source Files</Filter>
    </ClCompile>
    <ClCompile Include="ComFuncs.cpp">
      <Filter>Source Files</Filter>
    </ClCompile>
    <ClCompile Include="BaseType.cpp">
      <Filter>Source Files</Filter>
    </ClCompile>
    <ClCompile Include="BaseGetValueEntity.cpp">
      <Filter>Source Files</Filter>
    </ClCompile>
  </ItemGroup>
  <ItemGroup>
    <ResourceCompile Include="KernelMonitorv1.rc">
      <Filter>Source Files</Filter>
    </ResourceCompile>
  </ItemGroup>
  <ItemGroup>
    <ClInclude Include="BaseObject.h">
      <Filter>Header Files</Filter>
    </ClInclude>
    <ClInclude Include="BaseSocket.h">
      <Filter>Header Files</Filter>
    </ClInclude>
    <ClInclude Include="BaseSocketReceiveThread.h">
      <Filter>Header Files</Filter>
    </ClInclude>
    <ClInclude Include="BaseSocketSendThread.h">
      <Filter>Header Files</Filter>
    </ClInclude>
    <ClInclude Include="BaseThread.h">
      <Filter>Header Files</Filter>
    </ClInclude>
    <ClInclude Include="DataExchangePipe.h">
      <Filter>Header Files</Filter>
    </ClInclude>
    <ClInclude Include="DataStruct.h">
      <Filter>Header Files</Filter>
    </ClInclude>
    <ClInclude Include="GlobalDefinitions.h">
      <Filter>Header Files</Filter>
    </ClInclude>
    <ClInclude Include="KernelMonitorv1.h">
      <Filter>Header Files</Filter>
    </ClInclude>
    <ClInclude Include="KernelMonitorv1Dlg.h">
      <Filter>Header Files</Filter>
    </ClInclude>
    <ClInclude Include="ListenSocket.h">
      <Filter>Header Files</Filter>
    </ClInclude>
    <ClInclude Include="ManageKernelParameter.h">
      <Filter>Header Files</Filter>
    </ClInclude>
    <ClInclude Include="MonitorReceiveSocket.h">
      <Filter>Header Files</Filter>
    </ClInclude>
    <ClInclude Include="Resource.h">
      <Filter>Header Files</Filter>
    </ClInclude>
    <ClInclude Include="StdAfx.h">
      <Filter>Header Files</Filter>
    </ClInclude>
    <ClInclude Include="ACI_H.H">
      <Filter>Header Files</Filter>
    </ClInclude>
    <ClInclude Include="BaseType.h">
      <Filter>Header Files</Filter>
    </ClInclude>
    <ClInclude Include="BaseGetValueEntity.h">
      <Filter>Header Files</Filter>
    </ClInclude>
  </ItemGroup>
  <ItemGroup>
    <CustomBuild Include="res\KernelMonitorv1.ico">
      <Filter>Resource Files</Filter>
    </CustomBuild>
    <CustomBuild Include="res\KernelMonitorv1.rc2">
      <Filter>Resource Files</Filter>
    </CustomBuild>
    <CustomBuild Include="monitor_32.ico">
      <Filter>Resource Files</Filter>
    </CustomBuild>
    <CustomBuild Include="ReadMe.txt" />
  </ItemGroup>
</Project>